
Microsoft Visual Studio Solution File, Format Version 11.00
# Visual C# Express 2010
Project("{FAE04EC0-301F-11D3-BF4B-00C04F79EFBC}") = "Anti Executable", "Anti Executable\Anti Executable.csproj", "{476736A5-F013-40B1-A371-CC7964FA7653}"
EndProject
Global
	GlobalSection(SolutionConfigurationPlatforms) = preSolution
		Debug|x86 = Debug|x86
		Release|x86 = Release|x86
	EndGlobalSection
	GlobalSection(ProjectConfigurationPlatforms) = postSolution
		{476736A5-F013-40B1-A371-CC7964FA7653}.Debug|x86.ActiveCfg = Debug|x86
		{476736A5-F013-40B1-A371-CC7964FA7653}.Debug|x86.Build.0 = Debug|x86
		{476736A5-F013-40B1-A371-CC7964FA7653}.Release|x86.ActiveCfg = Release|x86
		{476736A5-F013-40B1-A371-CC7964FA7653}.Release|x86.Build.0 = Release|x86
	EndGlobalSection
	GlobalSection(SolutionProperties) = preSolution
		HideSolutionNode = FALSE
	EndGlobalSection
EndGlobal
